
Microsoft Visual Studio Solution File, Format Version 12.00
# Visual Studio Version 16
VisualStudioVersion = 16.0.29609.76
MinimumVisualStudioVersion = 10.0.40219.1
Project("{FAE04EC0-301F-11D3-BF4B-00C04F79EFBC}") = "CardGames.Core", "CardGames.Core.csproj", "{83A3D7FF-9D54-435E-B282-D10A0677D343}"
EndProject
Project("{2150E333-8FDC-42A3-9474-1A3956D46DE8}") = "Solution Items", "Solution Items", "{6A3F825F-66B2-4447-9A8E-2D0A21CBEF53}"
	ProjectSection(SolutionItems) = preProject
		..\README.md = ..\README.md
	EndProjectSection
EndProject
Project("{FAE04EC0-301F-11D3-BF4B-00C04F79EFBC}") = "CardGames.War", "..\CardGames.War\CardGames.War.csproj", "{98DA16FA-0932-4F70-AB5B-8ACB620DD3FD}"
EndProject
Project("{FAE04EC0-301F-11D3-BF4B-00C04F79EFBC}") = "WarCardGameConsole", "..\WarCardGameConsole\WarCardGameConsole.csproj", "{28397E2E-9D95-47B6-982B-C8CFCEEA4589}"
EndProject
Project("{FAE04EC0-301F-11D3-BF4B-00C04F79EFBC}") = "CardGames.Core.Tests", "..\CardGames.Core.Tests\CardGames.Core.Tests.csproj", "{046DD414-C5B4-4EBB-8A63-E9A63CA2D4A2}"
EndProject
Project("{2150E333-8FDC-42A3-9474-1A3956D46DE8}") = "Tests", "Tests", "{CEEF847E-1233-45B2-B99F-B9ABA307820F}"
EndProject
Global
	GlobalSection(SolutionConfigurationPlatforms) = preSolution
		Debug|Any CPU = Debug|Any CPU
		Release|Any CPU = Release|Any CPU
	EndGlobalSection
	GlobalSection(ProjectConfigurationPlatforms) = postSolution
		{83A3D7FF-9D54-435E-B282-D10A0677D343}.Debug|Any CPU.ActiveCfg = Debug|Any CPU
		{83A3D7FF-9D54-435E-B282-D10A0677D343}.Debug|Any CPU.Build.0 = Debug|Any CPU
		{83A3D7FF-9D54-435E-B282-D10A0677D343}.Release|Any CPU.ActiveCfg = Release|Any CPU
		{83A3D7FF-9D54-435E-B282-D10A0677D343}.Release|Any CPU.Build.0 = Release|Any CPU
		{98DA16FA-0932-4F70-AB5B-8ACB620DD3FD}.Debug|Any CPU.ActiveCfg = Debug|Any CPU
		{98DA16FA-0932-4F70-AB5B-8ACB620DD3FD}.Debug|Any CPU.Build.0 = Debug|Any CPU
		{98DA16FA-0932-4F70-AB5B-8ACB620DD3FD}.Release|Any CPU.ActiveCfg = Release|Any CPU
		{98DA16FA-0932-4F70-AB5B-8ACB620DD3FD}.Release|Any CPU.Build.0 = Release|Any CPU
		{28397E2E-9D95-47B6-982B-C8CFCEEA4589}.Debug|Any CPU.ActiveCfg = Debug|Any CPU
		{28397E2E-9D95-47B6-982B-C8CFCEEA4589}.Debug|Any CPU.Build.0 = Debug|Any CPU
		{28397E2E-9D95-47B6-982B-C8CFCEEA4589}.Release|Any CPU.ActiveCfg = Release|Any CPU
		{28397E2E-9D95-47B6-982B-C8CFCEEA4589}.Release|Any CPU.Build.0 = Release|Any CPU
		{046DD414-C5B4-4EBB-8A63-E9A63CA2D4A2}.Debug|Any CPU.ActiveCfg = Debug|Any CPU
		{046DD414-C5B4-4EBB-8A63-E9A63CA2D4A2}.Debug|Any CPU.Build.0 = Debug|Any CPU
		{046DD414-C5B4-4EBB-8A63-E9A63CA2D4A2}.Release|Any CPU.ActiveCfg = Release|Any CPU
		{046DD414-C5B4-4EBB-8A63-E9A63CA2D4A2}.Release|Any CPU.Build.0 = Release|Any CPU
	EndGlobalSection
	GlobalSection(SolutionProperties) = preSolution
		HideSolutionNode = FALSE
	EndGlobalSection
	GlobalSection(NestedProjects) = preSolution
		{046DD414-C5B4-4EBB-8A63-E9A63CA2D4A2} = {CEEF847E-1233-45B2-B99F-B9ABA307820F}
	EndGlobalSection
	GlobalSection(ExtensibilityGlobals) = postSolution
		SolutionGuid = {A8B7FEEE-3B9D-4CB0-9A3A-2AD6FF41ECA6}
	EndGlobalSection
EndGlobal
